// !$*UTF8*$!
{
	archiveVersion = 1;
	classes = {
	};
	objectVersion = 46;
	objects = {

/* Begin PBXBuildFile section */
		7845A69E1CCF042A00B82589 /* AppDelegate.swift in Sources */ = {isa = PBXBuildFile; fileRef = 7845A69D1CCF042A00B82589 /* AppDelegate.swift */; };
		7845A6A51CCF042A00B82589 /* Assets.xcassets in Resources */ = {isa = PBXBuildFile; fileRef = 7845A6A41CCF042A00B82589 /* Assets.xcassets */; };
		7845A6B01CCF04AA00B82589 /* DemoViewController.swift in Sources */ = {isa = PBXBuildFile; fileRef = 7845A6AF1CCF04AA00B82589 /* DemoViewController.swift */; };
		7845A6B41CCF04FC00B82589 /* DataModel.swift in Sources */ = {isa = PBXBuildFile; fileRef = 7845A6B31CCF04FC00B82589 /* DataModel.swift */; };
		7845A6B61CCF1BEE00B82589 /* Kit.swift in Sources */ = {isa = PBXBuildFile; fileRef = 7845A6B51CCF1BEE00B82589 /* Kit.swift */; };
		7845A6B81CCF362300B82589 /* LaunchScreen.storyboard in Resources */ = {isa = PBXBuildFile; fileRef = 7845A6B71CCF362300B82589 /* LaunchScreen.storyboard */; };
		7845A6BA1CCF791000B82589 /* DemoCollectionViewCell.swift in Sources */ = {isa = PBXBuildFile; fileRef = 7845A6B91CCF791000B82589 /* DemoCollectionViewCell.swift */; };
/* End PBXBuildFile section */

/* Begin PBXFileReference section */
		7845A69A1CCF042A00B82589 /* ZLWeightCollectionViewDemo.app */ = {isa = PBXFileReference; explicitFileType = wrapper.application; includeInIndex = 0; path = ZLWeightCollectionViewDemo.app; sourceTree = BUILT_PRODUCTS_DIR; };
		7845A69D1CCF042A00B82589 /* AppDelegate.swift */ = {isa = PBXFileReference; lastKnownFileType = sourcecode.swift; path = AppDelegate.swift; sourceTree = "<group>"; };
		7845A6A41CCF042A00B82589 /* Assets.xcassets */ = {isa = PBXFileReference; lastKnownFileType = folder.assetcatalog; path = Assets.xcassets; sourceTree = "<group>"; };
		7845A6A91CCF042A00B82589 /* Info.plist */ = {isa = PBXFileReference; lastKnownFileType = text.plist.xml; path = Info.plist; sourceTree = "<group>"; };
		7845A6AF1CCF04AA00B82589 /* DemoViewController.swift */ = {isa = PBXFileReference; fileEncoding = 4; lastKnownFileType = sourcecode.swift; path = DemoViewController.swift; sourceTree = "<group>"; };
		7845A6B31CCF04FC00B82589 /* DataModel.swift */ = {isa = PBXFileReference; fileEncoding = 4; lastKnownFileType = sourcecode.swift; path = DataModel.swift; sourceTree = "<group>"; };
		7845A6B51CCF1BEE00B82589 /* Kit.swift */ = {isa = PBXFileReference; fileEncoding = 4; lastKnownFileType = sourcecode.swift; path = Kit.swift; sourceTree = "<group>"; };
		7845A6B71CCF362300B82589 /* LaunchScreen.storyboard */ = {isa = PBXFileReference; fileEncoding = 4; lastKnownFileType = file.storyboard; path = LaunchScreen.storyboard; sourceTree = "<group>"; };
		7845A6B91CCF791000B82589 /* DemoCollectionViewCell.swift */ = {isa = PBXFileReference; fileEncoding = 4; lastKnownFileType = sourcecode.swift; path = DemoCollectionViewCell.swift; sourceTree = "<group>"; };
/* End PBXFileReference section */

/* Begin PBXFrameworksBuildPhase section */
		7845A6971CCF042A00B82589 /* Frameworks */ = {
			isa = PBXFrameworksBuildPhase;
			buildActionMask = 2147483647;
			files = (
			);
			runOnlyForDeploymentPostprocessing = 0;
		};
/* End PBXFrameworksBuildPhase section */

/* Begin PBXGroup section */
		7845A6911CCF042900B82589 = {
			isa = PBXGroup;
			children = (
				7845A69C1CCF042A00B82589 /* ZLWeightCollectionViewDemo */,
				7845A69B1CCF042A00B82589 /* Products */,
			);
			sourceTree = "<group>";
		};
		7845A69B1CCF042A00B82589 /* Products */ = {
			isa = PBXGroup;
			children = (
				7845A69A1CCF042A00B82589 /* ZLWeightCollectionViewDemo.app */,
			);
			name = Products;
			sourceTree = "<group>";
		};
		7845A69C1CCF042A00B82589 /* ZLWeightCollectionViewDemo */ = {
			isa = PBXGroup;
			children = (
				7845A6B11CCF04BA00B82589 /* System */,
				7845A6B21CCF04C700B82589 /* Resource */,
				7845A6B31CCF04FC00B82589 /* DataModel.swift */,
				7845A6B91CCF791000B82589 /* DemoCollectionViewCell.swift */,
				7845A6AF1CCF04AA00B82589 /* DemoViewController.swift */,
				7845A6B51CCF1BEE00B82589 /* Kit.swift */,
			);
			path = ZLWeightCollectionViewDemo;
			sourceTree = "<group>";
		};
		7845A6B11CCF04BA00B82589 /* System */ = {
			isa = PBXGroup;
			children = (
				7845A69D1CCF042A00B82589 /* AppDelegate.swift */,
				7845A6A91CCF042A00B82589 /* Info.plist */,
				7845A6B71CCF362300B82589 /* LaunchScreen.storyboard */,
			);
			name = System;
			sourceTree = "<group>";
		};
		7845A6B21CCF04C700B82589 /* Resource */ = {
			isa = PBXGroup;
			children = (
				7845A6A41CCF042A00B82589 /* Assets.xcassets */,
			);
			name = Resource;
			sourceTree = "<group>";
		};
/* End PBXGroup section */

/* Begin PBXNativeTarget section */
		7845A6991CCF042A00B82589 /* ZLWeightCollectionViewDemo */ = {
			isa = PBXNativeTarget;
			buildConfigurationList = 7845A6AC1CCF042A00B82589 /* Build configuration list for PBXNativeTarget "ZLWeightCollectionViewDemo" */;
			buildPhases = (
				7845A6961CCF042A00B82589 /* Sources */,
				7845A6971CCF042A00B82589 /* Frameworks */,
				7845A6981CCF042A00B82589 /* Resources */,
			);
			buildRules = (
			);
			dependencies = (
			);
			name = ZLWeightCollectionViewDemo;
			productName = ZLWeightCollectionViewDemo;
			productReference = 7845A69A1CCF042A00B82589 /* ZLWeightCollectionViewDemo.app */;
			productType = "com.apple.product-type.application";
		};
/* End PBXNativeTarget section */

/* Begin PBXProject section */
		7845A6921CCF042900B82589 /* Project object */ = {
			isa = PBXProject;
			attributes = {
				LastSwiftUpdateCheck = 0720;
				LastUpgradeCheck = 0820;
				ORGANIZATIONNAME = "杉玉府";
				TargetAttributes = {
					7845A6991CCF042A00B82589 = {
						CreatedOnToolsVersion = 7.2;
						LastSwiftMigration = 0820;
					};
				};
			};
			buildConfigurationList = 7845A6951CCF042900B82589 /* Build configuration list for PBXProject "ZLWeightCollectionViewDemo" */;
			compatibilityVersion = "Xcode 3.2";
			developmentRegion = English;
			hasScannedForEncodings = 0;
			knownRegions = (
				en,
				Base,
			);
			mainGroup = 7845A6911CCF042900B82589;
			productRefGroup = 7845A69B1CCF042A00B82589 /* Products */;
			projectDirPath = "";
			projectRoot = "";
			targets = (
				7845A6991CCF042A00B82589 /* ZLWeightCollectionViewDemo */,
			);
		};
/* End PBXProject section */

/* Begin PBXResourcesBuildPhase section */
		7845A6981CCF042A00B82589 /* Resources */ = {
			isa = PBXResourcesBuildPhase;
			buildActionMask = 2147483647;
			files = (
				7845A6A51CCF042A00B82589 /* Assets.xcassets in Resources */,
				7845A6B81CCF362300B82589 /* LaunchScreen.storyboard in Resources */,
			);
			runOnlyForDeploymentPostprocessing = 0;
		};
/* End PBXResourcesBuildPhase section */

/* Begin PBXSourcesBuildPhase section */
		7845A6961CCF042A00B82589 /* Sources */ = {
			isa = PBXSourcesBuildPhase;
			buildActionMask = 2147483647;
			files = (
				7845A6B61CCF1BEE00B82589 /* Kit.swift in Sources */,
				7845A6BA1CCF791000B82589 /* DemoCollectionViewCell.swift in Sources */,
				7845A69E1CCF042A00B82589 /* AppDelegate.swift in Sources */,
				7845A6B01CCF04AA00B82589 /* DemoViewController.swift in Sources */,
				7845A6B41CCF04FC00B82589 /* DataModel.swift in Sources */,
			);
			runOnlyForDeploymentPostprocessing = 0;
		};
/* End PBXSourcesBuildPhase section */

/* Begin XCBuildConfiguration section */
		7845A6AA1CCF042A00B82589 /* Debug */ = {
			isa = XCBuildConfiguration;
			buildSettings = {
				ALWAYS_SEARCH_USER_PATHS = NO;
				CLANG_CXX_LANGUAGE_STANDARD = "gnu++0x";
				CLANG_CXX_LIBRARY = "libc++";
				CLANG_ENABLE_MODULES = YES;
				CLANG_ENABLE_OBJC_ARC = YES;
				CLANG_WARN_BOOL_CONVERSION = YES;
				CLANG_WARN_CONSTANT_CONVERSION = YES;
				CLANG_WARN_DIRECT_OBJC_ISA_USAGE = YES_ERROR;
				CLANG_WARN_EMPTY_BODY = YES;
				CLANG_WARN_ENUM_CONVERSION = YES;
				CLANG_WARN_INFINITE_RECURSION = YES;
				CLANG_WARN_INT_CONVERSION = YES;
				CLANG_WARN_OBJC_ROOT_CLASS = YES_ERROR;
				CLANG_WARN_SUSPICIOUS_MOVE = YES;
				CLANG_WARN_UNREACHABLE_CODE = YES;
				CLANG_WARN__DUPLICATE_METHOD_MATCH = YES;
				"CODE_SIGN_IDENTITY[sdk=iphoneos*]" = "iPhone Developer";
				COPY_PHASE_STRIP = NO;
				DEBUG_INFORMATION_FORMAT = dwarf;
				ENABLE_STRICT_OBJC_MSGSEND = YES;
				ENABLE_TESTABILITY = YES;
				GCC_C_LANGUAGE_STANDARD = gnu99;
				GCC_DYNAMIC_NO_PIC = NO;
				GCC_NO_COMMON_BLOCKS = YES;
				GCC_OPTIMIZATION_LEVEL = 0;
				GCC_PREPROCESSOR_DEFINITIONS = (
					"DEBUG=1",
					"$(inherited)",
				);
				GCC_WARN_64_TO_32_BIT_CONVERSION = YES;
				GCC_WARN_ABOUT_RETURN_TYPE = YES_ERROR;
				GCC_WARN_UNDECLARED_SELECTOR = YES;
				GCC_WARN_UNINITIALIZED_AUTOS = YES_AGGRESSIVE;
				GCC_WARN_UNUSED_FUNCTION = YES;
				GCC_WARN_UNUSED_VARIABLE = YES;
				IPHONEOS_DEPLOYMENT_TARGET = 9.2;
				MTL_ENABLE_DEBUG_INFO = YES;
				ONLY_ACTIVE_ARCH = YES;
				SDKROOT = iphoneos;
				SWIFT_OPTIMIZATION_LEVEL = "-Onone";
			};
			name = Debug;
		};
		7845A6AB1CCF042A00B82589 /* Release */ = {
			isa = XCBuildConfiguration;
			buildSettings = {
				ALWAYS_SEARCH_USER_PATHS = NO;
				CLANG_CXX_LANGUAGE_STANDARD = "gnu++0x";
				CLANG_CXX_LIBRARY = "libc++";
				CLANG_ENABLE_MODULES = YES;
				CLANG_ENABLE_OBJC_ARC = YES;
				CLANG_WARN_BOOL_CONVERSION = YES;
				CLANG_WARN_CONSTANT_CONVERSION = YES;
				CLANG_WARN_DIRECT_OBJC_ISA_USAGE = YES_ERROR;
				CLANG_WARN_EMPTY_BODY = YES;
				CLANG_WARN_ENUM_CONVERSION = YES;
				CLANG_WARN_INFINITE_RECURSION = YES;
				CLANG_WARN_INT_CONVERSION = YES;
				CLANG_WARN_OBJC_ROOT_CLASS = YES_ERROR;
				CLANG_WARN_SUSPICIOUS_MOVE = YES;
				CLANG_WARN_UNREACHABLE_CODE = YES;
				CLANG_WARN__DUPLICATE_METHOD_MATCH = YES;
				"CODE_SIGN_IDENTITY[sdk=iphoneos*]" = "iPhone Developer";
				COPY_PHASE_STRIP = NO;
				DEBUG_INFORMATION_FORMAT = "dwarf-with-dsym";
				ENABLE_NS_ASSERTIONS = NO;
				ENABLE_STRICT_OBJC_MSGSEND = YES;
				GCC_C_LANGUAGE_STANDARD = gnu99;
				GCC_NO_COMMON_BLOCKS = YES;
				GCC_WARN_64_TO_32_BIT_CONVERSION = YES;
				GCC_WARN_ABOUT_RETURN_TYPE = YES_ERROR;
				GCC_WARN_UNDECLARED_SELECTOR = YES;
				GCC_WARN_UNINITIALIZED_AUTOS = YES_AGGRESSIVE;
				GCC_WARN_UNUSED_FUNCTION = YES;
				GCC_WARN_UNUSED_VARIABLE = YES;
				IPHONEOS_DEPLOYMENT_TARGET = 9.2;
				MTL_ENABLE_DEBUG_INFO = NO;
				SDKROOT = iphoneos;
				SWIFT_OPTIMIZATION_LEVEL = "-Owholemodule";
				VALIDATE_PRODUCT = YES;
			};
			name = Release;
		};
		7845A6AD1CCF042A00B82589 /* Debug */ = {
			isa = XCBuildConfiguration;
			buildSettings = {
				ASSETCATALOG_COMPILER_APPICON_NAME = AppIcon;
				INFOPLIST_FILE = ZLWeightCollectionViewDemo/Info.plist;
				IPHONEOS_DEPLOYMENT_TARGET = 8.0;
				LD_RUNPATH_SEARCH_PATHS = "$(inherited) @executable_path/Frameworks";
				PRODUCT_BUNDLE_IDENTIFIER = cn.shanyuu.ZLWeightCollectionViewDemo;
				PRODUCT_NAME = "$(TARGET_NAME)";
				SWIFT_VERSION = 3.0;
			};
			name = Debug;
		};
		7845A6AE1CCF042A00B82589 /* Release */ = {
			isa = XCBuildConfiguration;
			buildSettings = {
				ASSETCATALOG_COMPILER_APPICON_NAME = AppIcon;
				INFOPLIST_FILE = ZLWeightCollectionViewDemo/Info.plist;
				IPHONEOS_DEPLOYMENT_TARGET = 8.0;
				LD_RUNPATH_SEARCH_PATHS = "$(inherited) @executable_path/Frameworks";
				PRODUCT_BUNDLE_IDENTIFIER = cn.shanyuu.ZLWeightCollectionViewDemo;
				PRODUCT_NAME = "$(TARGET_NAME)";
				SWIFT_VERSION = 3.0;
			};
			name = Release;
		};
/* End XCBuildConfiguration section */

/* Begin XCConfigurationList section */
		7845A6951CCF042900B82589 /* Build configuration list for PBXProject "ZLWeightCollectionViewDemo" */ = {
			isa = XCConfigurationList;
			buildConfigurations = (
				7845A6AA1CCF042A00B82589 /* Debug */,
				7845A6AB1CCF042A00B82589 /* Release */,
			);
			defaultConfigurationIsVisible = 0;
			defaultConfigurationName = Release;
		};
		7845A6AC1CCF042A00B82589 /* Build configuration list for PBXNativeTarget "ZLWeightCollectionViewDemo" */ = {
			isa = XCConfigurationList;
			buildConfigurations = (
				7845A6AD1CCF042A00B82589 /* Debug */,
				7845A6AE1CCF042A00B82589 /* Release */,
			);
			defaultConfigurationIsVisible = 0;
			defaultConfigurationName = Release;
		};
/* End XCConfigurationList section */
	};
	rootObject = 7845A6921CCF042900B82589 /* Project object */;
}
